
Microsoft Visual Studio Solution File, Format Version 12.00
# Visual Studio Version 16
VisualStudioVersion = 25.0.1706.7
MinimumVisualStudioVersion = 10.0.40219.1
Project("{FAE04EC0-301F-11D3-BF4B-00C04F79EFBC}") = "Домашнее задание MakeYouPro - 12", "Домашнее задание MakeYouPro - 12\Домашнее задание MakeYouPro - 12.csproj", "{50BE1407-2333-4140-90E7-33D84329F561}"
EndProject
Global
	GlobalSection(SolutionConfigurationPlatforms) = preSolution
		Debug|Any CPU = Debug|Any CPU
		Release|Any CPU = Release|Any CPU
	EndGlobalSection
	GlobalSection(ProjectConfigurationPlatforms) = postSolution
		{50BE1407-2333-4140-90E7-33D84329F561}.Debug|Any CPU.ActiveCfg = Debug|Any CPU
		{50BE1407-2333-4140-90E7-33D84329F561}.Debug|Any CPU.Build.0 = Debug|Any CPU
		{50BE1407-2333-4140-90E7-33D84329F561}.Release|Any CPU.ActiveCfg = Release|Any CPU
		{50BE1407-2333-4140-90E7-33D84329F561}.Release|Any CPU.Build.0 = Release|Any CPU
	EndGlobalSection
	GlobalSection(SolutionProperties) = preSolution
		HideSolutionNode = FALSE
	EndGlobalSection
	GlobalSection(ExtensibilityGlobals) = postSolution
		SolutionGuid = {BB8956A2-CBE2-40EF-BC9C-A7A6328A24A6}
	EndGlobalSection
EndGlobal
